Microsoft Visual Studio Solution File, Format Version 12.00
# Visual Studio Version 17
VisualStudioVersion = 17.5.2.0
MinimumVisualStudioVersion = 10.0.40219.1
Project("{2150E333-8FDC-42A3-9474-1A3956D46DE8}") = "src", "src", "{827E0CD3-B72D-47B6-A68D-7590B98EB39B}"
EndProject
Project("{2150E333-8FDC-42A3-9474-1A3956D46DE8}") = "BusDataPoc", "BusDataPoc", "{20715CA6-4C4E-A113-4819-6BBE483AEC5B}"
EndProject
Project("{FAE04EC0-301F-11D3-BF4B-00C04F79EFBC}") = "MartaJazz.Engine", "src\BusDataPoc\MartaJazz.Engine\MartaJazz.Engine.csproj", "{C1BAFA11-4FB5-593C-0633-395028D030D2}"
EndProject
Global
	GlobalSection(SolutionConfigurationPlatforms) = preSolution
		Debug|Any CPU = Debug|Any CPU
		Release|Any CPU = Release|Any CPU
	EndGlobalSection
	GlobalSection(ProjectConfigurationPlatforms) = postSolution
		{C1BAFA11-4FB5-593C-0633-395028D030D2}.Debug|Any CPU.ActiveCfg = Debug|Any CPU
		{C1BAFA11-4FB5-593C-0633-395028D030D2}.Debug|Any CPU.Build.0 = Debug|Any CPU
		{C1BAFA11-4FB5-593C-0633-395028D030D2}.Release|Any CPU.ActiveCfg = Release|Any CPU
		{C1BAFA11-4FB5-593C-0633-395028D030D2}.Release|Any CPU.Build.0 = Release|Any CPU
	EndGlobalSection
	GlobalSection(SolutionProperties) = preSolution
		HideSolutionNode = FALSE
	EndGlobalSection
	GlobalSection(NestedProjects) = preSolution
		{20715CA6-4C4E-A113-4819-6BBE483AEC5B} = {827E0CD3-B72D-47B6-A68D-7590B98EB39B}
		{C1BAFA11-4FB5-593C-0633-395028D030D2} = {20715CA6-4C4E-A113-4819-6BBE483AEC5B}
	EndGlobalSection
	GlobalSection(ExtensibilityGlobals) = postSolution
		SolutionGuid = {11432632-350B-4030-9C01-3DEE845C26A8}
	EndGlobalSection
EndGlobal
